
Microsoft Visual Studio Solution File, Format Version 12.00
# Visual Studio Version 16
VisualStudioVersion = 16.0.29215.179
MinimumVisualStudioVersion = 10.0.40219.1
Project("{FAE04EC0-301F-11D3-BF4B-00C04F79EFBC}") = "SportsStore", "SportsStore\SportsStore.csproj", "{8CA51DB7-90C7-4539-ADA9-7205EB8D7BF0}"
EndProject
Project("{FAE04EC0-301F-11D3-BF4B-00C04F79EFBC}") = "SportsStore.Tests", "SportsStore.Tests\SportsStore.Tests.csproj", "{1A25F004-6673-411F-9EC0-D1049D1138B2}"
EndProject
Global
	GlobalSection(SolutionConfigurationPlatforms) = preSolution
		Debug|Any CPU = Debug|Any CPU
		Release|Any CPU = Release|Any CPU
	EndGlobalSection
	GlobalSection(ProjectConfigurationPlatforms) = postSolution
		{8CA51DB7-90C7-4539-ADA9-7205EB8D7BF0}.Debug|Any CPU.ActiveCfg = Debug|Any CPU
		{8CA51DB7-90C7-4539-ADA9-7205EB8D7BF0}.Debug|Any CPU.Build.0 = Debug|Any CPU
		{8CA51DB7-90C7-4539-ADA9-7205EB8D7BF0}.Release|Any CPU.ActiveCfg = Release|Any CPU
		{8CA51DB7-90C7-4539-ADA9-7205EB8D7BF0}.Release|Any CPU.Build.0 = Release|Any CPU
		{1A25F004-6673-411F-9EC0-D1049D1138B2}.Debug|Any CPU.ActiveCfg = Debug|Any CPU
		{1A25F004-6673-411F-9EC0-D1049D1138B2}.Debug|Any CPU.Build.0 = Debug|Any CPU
		{1A25F004-6673-411F-9EC0-D1049D1138B2}.Release|Any CPU.ActiveCfg = Release|Any CPU
		{1A25F004-6673-411F-9EC0-D1049D1138B2}.Release|Any CPU.Build.0 = Release|Any CPU
	EndGlobalSection
	GlobalSection(SolutionProperties) = preSolution
		HideSolutionNode = FALSE
	EndGlobalSection
	GlobalSection(ExtensibilityGlobals) = postSolution
		SolutionGuid = {D2CD67CF-CC2C-4E6C-96CA-9DC0FEA54D5D}
	EndGlobalSection
EndGlobal
